<?xml version="1.0" encoding="utf-8"?>
<Project ToolsVersion="4.0" xmlns="http://schemas.microsoft.com/developer/msbuild/2003">
  <ItemGroup>
    <ClCompile Include="src\QSpiAnalyzer.cpp">
      <Filter>SourceFiles</Filter>
    </ClCompile>
    <ClCompile Include="src\QSpiAnalyzerResults.cpp">
      <Filter>SourceFiles</Filter>
    </ClCompile>
    <ClCompile Include="src\QSpiAnalyzerSettings.cpp">
      <Filter>SourceFiles</Filter>
    </ClCompile>
    <ClCompile Include="src\QSpiDataChannelManager.cpp">
      <Filter>SourceFiles</Filter>
    </ClCompile>
    <ClCompile Include="src\QSpiSimulationDataGenerator.cpp">
      <Filter>SourceFiles</Filter>
    </ClCompile>
  </ItemGroup>
  <ItemGroup>
    <ClInclude Include="src\QSpiAnalyzer.h">
      <Filter>HeaderFiles</Filter>
    </ClInclude>
    <ClInclude Include="src\QSpiAnalyzerResults.h">
      <Filter>HeaderFiles</Filter>
    </ClInclude>
    <ClInclude Include="src\QSpiAnalyzerSettings.h">
      <Filter>HeaderFiles</Filter>
    </ClInclude>
    <ClInclude Include="src\QSpiDataChannelManager.h">
      <Filter>HeaderFiles</Filter>
    </ClInclude>
    <ClInclude Include="src\QSpiSimulationDataGenerator.h">
      <Filter>HeaderFiles</Filter>
    </ClInclude>
    <ClInclude Include="src\QspiTypes.h">
      <Filter>HeaderFiles</Filter>
    </ClInclude>
    <ClInclude Include="src\QSpiUtil.h">
      <Filter>HeaderFiles</Filter>
    </ClInclude>
  </ItemGroup>
  <ItemGroup>
    <Filter Include="HeaderFiles">
      <UniqueIdentifier>{0a6c3dc8-4985-4847-bc45-e696dfb5e081}</UniqueIdentifier>
    </Filter>
    <Filter Include="SourceFiles">
      <UniqueIdentifier>{682a3756-44fc-4150-a8ec-70f3c51e2fff}</UniqueIdentifier>
    </Filter>
  </ItemGroup>
</Project>