
Microsoft Visual Studio Solution File, Format Version 12.00
# Visual Studio Version 17
VisualStudioVersion = 17.6.33815.320
MinimumVisualStudioVersion = 10.0.40219.1
Project("{8BC9CEB8-8B4A-11D0-8D11-00A0C91BC942}") = "KingstVIS", "KingstVIS.vcxproj", "{B41F877A-D3CE-4D6A-AB1A-3021EF949539}"
EndProject
Project("{8BC9CEB8-8B4A-11D0-8D11-00A0C91BC942}") = "Saleae", "Saleae.vcxproj", "{13B05401-5049-3067-8E77-AA3785CC2FBA}"
EndProject
Global
	GlobalSection(SolutionConfigurationPlatforms) = preSolution
		Debug|x64 = Debug|x64
		Debug|x86 = Debug|x86
		Release|x64 = Release|x64
		Release|x86 = Release|x86
	EndGlobalSection
	GlobalSection(ProjectConfigurationPlatforms) = postSolution
		{B41F877A-D3CE-4D6A-AB1A-3021EF949539}.Debug|x64.ActiveCfg = Debug|x64
		{B41F877A-D3CE-4D6A-AB1A-3021EF949539}.Debug|x64.Build.0 = Debug|x64
		{B41F877A-D3CE-4D6A-AB1A-3021EF949539}.Debug|x86.ActiveCfg = Debug|Win32
		{B41F877A-D3CE-4D6A-AB1A-3021EF949539}.Debug|x86.Build.0 = Debug|Win32
		{B41F877A-D3CE-4D6A-AB1A-3021EF949539}.Release|x64.ActiveCfg = Release|x64
		{B41F877A-D3CE-4D6A-AB1A-3021EF949539}.Release|x64.Build.0 = Release|x64
		{B41F877A-D3CE-4D6A-AB1A-3021EF949539}.Release|x86.ActiveCfg = Release|Win32
		{B41F877A-D3CE-4D6A-AB1A-3021EF949539}.Release|x86.Build.0 = Release|Win32
		{13B05401-5049-3067-8E77-AA3785CC2FBA}.Debug|x64.ActiveCfg = Debug|x64
		{13B05401-5049-3067-8E77-AA3785CC2FBA}.Debug|x64.Build.0 = Debug|x64
		{13B05401-5049-3067-8E77-AA3785CC2FBA}.Debug|x86.ActiveCfg = Debug|x64
		{13B05401-5049-3067-8E77-AA3785CC2FBA}.Debug|x86.Build.0 = Debug|x64
		{13B05401-5049-3067-8E77-AA3785CC2FBA}.Release|x64.ActiveCfg = Release|x64
		{13B05401-5049-3067-8E77-AA3785CC2FBA}.Release|x64.Build.0 = Release|x64
		{13B05401-5049-3067-8E77-AA3785CC2FBA}.Release|x86.ActiveCfg = Release|x64
		{13B05401-5049-3067-8E77-AA3785CC2FBA}.Release|x86.Build.0 = Release|x64
	EndGlobalSection
	GlobalSection(SolutionProperties) = preSolution
		HideSolutionNode = FALSE
	EndGlobalSection
	GlobalSection(ExtensibilityGlobals) = postSolution
		SolutionGuid = {D946E67B-EAD1-42D5-8EC7-3039D724E829}
	EndGlobalSection
EndGlobal
