<?xml version="1.0" encoding="utf-8"?>
<Project ToolsVersion="17.0" xmlns="http://schemas.microsoft.com/developer/msbuild/2003">
  <ItemGroup>
    <ClCompile Include="src\QSpiAnalyzer.cpp">
      <Filter>Source Files</Filter>
    </ClCompile>
    <ClCompile Include="src\QSpiAnalyzerResults.cpp">
      <Filter>Source Files</Filter>
    </ClCompile>
    <ClCompile Include="src\QSpiAnalyzerSettings.cpp">
      <Filter>Source Files</Filter>
    </ClCompile>
    <ClCompile Include="src\QSpiSimulationDataGenerator.cpp">
      <Filter>Source Files</Filter>
    </ClCompile>
    <ClCompile Include="src\QSpiDataChannelManager.cpp">
      <Filter>Source Files</Filter>
    </ClCompile>
  </ItemGroup>
  <ItemGroup>
    <ClInclude Include="src\QSpiAnalyzer.h">
      <Filter>Header Files</Filter>
    </ClInclude>
    <ClInclude Include="src\QSpiAnalyzerResults.h">
      <Filter>Header Files</Filter>
    </ClInclude>
    <ClInclude Include="src\QSpiAnalyzerSettings.h">
      <Filter>Header Files</Filter>
    </ClInclude>
    <ClInclude Include="src\QSpiSimulationDataGenerator.h">
      <Filter>Header Files</Filter>
    </ClInclude>
    <ClInclude Include="src\QSpiDataChannelManager.h">
      <Filter>Header Files</Filter>
    </ClInclude>
    <ClInclude Include="src\QspiTypes.h">
      <Filter>Header Files</Filter>
    </ClInclude>
    <ClInclude Include="src\QSpiUtil.h">
      <Filter>Header Files</Filter>
    </ClInclude>
  </ItemGroup>
  <ItemGroup>
    <Filter Include="Header Files">
      <UniqueIdentifier>{2A067DCD-9B64-3813-AE7D-54FDC6BF8044}</UniqueIdentifier>
    </Filter>
    <Filter Include="Source Files">
      <UniqueIdentifier>{E3C11680-95CC-3701-9DDF-773614B8D2FD}</UniqueIdentifier>
    </Filter>
  </ItemGroup>
</Project>